github.com/HandyGold75/GOLib/argp v0.0.0-20251208111814-1adf0a0e8a68 h1:2aBM7iNi959wJx6JiM92nEvR0KDdSFFGQD/7aBl72Vo=
github.com/HandyGold75/GOLib/argp v0.0.0-20251208111814-1adf0a0e8a68/go.mod h1:FilPBUWRftOPaRWiJCQBMfyBGOF8ir7wuhfYc3sfqjs=
github.com/HandyGold75/GOLib/tui v0.0.0-20251208111814-1adf0a0e8a68 h1:Q7cgoCG4qnIVS2uaOUaMk1Ls8oPXG9lCVYXpjqRNxp8=
github.com/HandyGold75/GOLib/tui v0.0.0-20251208111814-1adf0a0e8a68/go.mod h1:prYrZjB/haaaK4k2mP1R2ip9uHyQGqkXUX9JmCsra6U=
github.com/veandco/go-sdl2 v0.4.40 h1:fZv6wC3zz1Xt167P09gazawnpa0KY5LM7JAvKpX9d/U=
github.com/veandco/go-sdl2 v0.4.40/go.mod h1:OROqMhHD43nT4/i9crJukyVecjPNYYuCofep6SNiAjY=
golang.org/x/sys v0.40.0 h1:DBZZqJ2Rkml6QMQsZywtnjnnGvHza6BTfYFWY9kjEWQ=
golang.org/x/sys v0.40.0/go.mod h1:OgkHotnGiDImocRcuBABYBEXf8A9a87e/uXjp9XT3ks=
golang.org/x/term v0.39.0 h1:RclSuaJf32jOqZz74CkPA9qFuVTX7vhLlpfj/IGWlqY=
golang.org/x/term v0.39.0/go.mod h1:yxzUCTP/U+FzoxfdKmLaA0RV1WgE0VY7hXBwKtY/4ww=
