github.com/HandyGold75/GOLib/argp v0.0.0-20250714120334-88b1e2772e47 h1:bRU12mvYcN6axZEOhht6MThIWry68v3482O/yW/A6HE=
github.com/HandyGold75/GOLib/argp v0.0.0-20250714120334-88b1e2772e47/go.mod h1:1P/nYT8+eSjETNcypZ6WgYv8PFlvtWDD31n7AgYRh7g=
github.com/HandyGold75/GOLib/tui v0.0.0-20250714120334-88b1e2772e47 h1:rWOvu2zdo0uAssaQbF3Ne56zmZpmnKKZn1BCdzvq5vw=
github.com/HandyGold75/GOLib/tui v0.0.0-20250714120334-88b1e2772e47/go.mod h1:qb6JEaBS52tzsmvwplB8jDol+NUJ92QlTfBGBDyVkZU=
github.com/veandco/go-sdl2 v0.4.40 h1:fZv6wC3zz1Xt167P09gazawnpa0KY5LM7JAvKpX9d/U=
github.com/veandco/go-sdl2 v0.4.40/go.mod h1:OROqMhHD43nT4/i9crJukyVecjPNYYuCofep6SNiAjY=
golang.org/x/sys v0.34.0 h1:H5Y5sJ2L2JRdyv7ROF1he/lPdvFsd0mJHFw2ThKHxLA=
golang.org/x/sys v0.34.0/go.mod h1:BJP2sWEmIv4KK5OTEluFJCKSidICx8ciO85XgH3Ak8k=
golang.org/x/term v0.33.0 h1:NuFncQrRcaRvVmgRkvM3j/F00gWIAlcmlB8ACEKmGIg=
golang.org/x/term v0.33.0/go.mod h1:s18+ql9tYWp1IfpV9DmCtQDDSRBUjKaw9M1eAv5UeF0=
